
Microsoft Visual Studio Solution File, Format Version 12.00
# Visual Studio 15
VisualStudioVersion = 15.0.28307.168
MinimumVisualStudioVersion = 10.0.40219.1
Project("{9092AA53-FB77-4645-B42D-1CCCA6BD08BD}") = "livechat", "livechat.njsproj", "{F58B87A9-D37D-4128-9D17-B60FA31C3B25}"
EndProject
Global
	GlobalSection(SolutionConfigurationPlatforms) = preSolution
		Debug|Any CPU = Debug|Any CPU
		Release|Any CPU = Release|Any CPU
	EndGlobalSection
	GlobalSection(ProjectConfigurationPlatforms) = postSolution
		{F58B87A9-D37D-4128-9D17-B60FA31C3B25}.Debug|Any CPU.ActiveCfg = Release|Any CPU
		{F58B87A9-D37D-4128-9D17-B60FA31C3B25}.Debug|Any CPU.Build.0 = Release|Any CPU
		{F58B87A9-D37D-4128-9D17-B60FA31C3B25}.Release|Any CPU.ActiveCfg = Release|Any CPU
		{F58B87A9-D37D-4128-9D17-B60FA31C3B25}.Release|Any CPU.Build.0 = Release|Any CPU
	EndGlobalSection
	GlobalSection(SolutionProperties) = preSolution
		HideSolutionNode = FALSE
	EndGlobalSection
	GlobalSection(ExtensibilityGlobals) = postSolution
		SolutionGuid = {399C052F-6084-4353-AB79-9E085039646F}
	EndGlobalSection
EndGlobal
